// !$*UTF8*$!
{
	archiveVersion = 1;
	classes = {
	};
	objectVersion = 55;
	objects = {

/* Begin PBXBuildFile section */
		2D54E6A528E79CE5005684C3 /* MoviesListApp.swift in Sources */ = {isa = PBXBuildFile; fileRef = 2D54E6A428E79CE5005684C3 /* MoviesListApp.swift */; };
		2D54E6A728E79CE5005684C3 /* ContentView.swift in Sources */ = {isa = PBXBuildFile; fileRef = 2D54E6A628E79CE5005684C3 /* ContentView.swift */; };
		2D54E6A928E79CE9005684C3 /* Assets.xcassets in Resources */ = {isa = PBXBuildFile; fileRef = 2D54E6A828E79CE9005684C3 /* Assets.xcassets */; };
		2D54E6AC28E79CE9005684C3 /* Preview Assets.xcassets in Resources */ = {isa = PBXBuildFile; fileRef = 2D54E6AB28E79CE9005684C3 /* Preview Assets.xcassets */; };
		2D54E6B428E79D73005684C3 /* Kingfisher in Frameworks */ = {isa = PBXBuildFile; productRef = 2D54E6B328E79D73005684C3 /* Kingfisher */; };
		2D54E6B628E79DEF005684C3 /* Launch Screen.storyboard in Resources */ = {isa = PBXBuildFile; fileRef = 2D54E6B528E79DEF005684C3 /* Launch Screen.storyboard */; };
		2D54E6B928E79E03005684C3 /* extension.swift in Sources */ = {isa = PBXBuildFile; fileRef = 2D54E6B828E79E03005684C3 /* extension.swift */; };
		2D54E6BE28E79F0D005684C3 /*  Movies.swift in Sources */ = {isa = PBXBuildFile; fileRef = 2D54E6BD28E79F0D005684C3 /*  Movies.swift */; };
		2D54E6C028E79F85005684C3 /* MoviesViewModel.swif.swift in Sources */ = {isa = PBXBuildFile; fileRef = 2D54E6BF28E79F85005684C3 /* MoviesViewModel.swif.swift */; };
		2D54E6C228E7A03D005684C3 /* MoviesDetails.swift in Sources */ = {isa = PBXBuildFile; fileRef = 2D54E6C128E7A03D005684C3 /* MoviesDetails.swift */; };
/* End PBXBuildFile section */

/* Begin PBXFileReference section */
		2D54E6A128E79CE5005684C3 /* MoviesList.app */ = {isa = PBXFileReference; explicitFileType = wrapper.application; includeInIndex = 0; path = MoviesList.app; sourceTree = BUILT_PRODUCTS_DIR; };
		2D54E6A428E79CE5005684C3 /* MoviesListApp.swift */ = {isa = PBXFileReference; lastKnownFileType = sourcecode.swift; path = MoviesListApp.swift; sourceTree = "<group>"; };
		2D54E6A628E79CE5005684C3 /* ContentView.swift */ = {isa = PBXFileReference; lastKnownFileType = sourcecode.swift; path = ContentView.swift; sourceTree = "<group>"; };
		2D54E6A828E79CE9005684C3 /* Assets.xcassets */ = {isa = PBXFileReference; lastKnownFileType = folder.assetcatalog; path = Assets.xcassets; sourceTree = "<group>"; };
		2D54E6AB28E79CE9005684C3 /* Preview Assets.xcassets */ = {isa = PBXFileReference; lastKnownFileType = folder.assetcatalog; path = "Preview Assets.xcassets"; sourceTree = "<group>"; };
		2D54E6B528E79DEF005684C3 /* Launch Screen.storyboard */ = {isa = PBXFileReference; fileEncoding = 4; lastKnownFileType = file.storyboard; path = "Launch Screen.storyboard"; sourceTree = "<group>"; };
		2D54E6B828E79E03005684C3 /* extension.swift */ = {isa = PBXFileReference; fileEncoding = 4; lastKnownFileType = sourcecode.swift; path = extension.swift; sourceTree = "<group>"; };
		2D54E6BD28E79F0D005684C3 /*  Movies.swift */ = {isa = PBXFileReference; lastKnownFileType = sourcecode.swift; path = " Movies.swift"; sourceTree = "<group>"; };
		2D54E6BF28E79F85005684C3 /* MoviesViewModel.swif.swift */ = {isa = PBXFileReference; lastKnownFileType = sourcecode.swift; path = MoviesViewModel.swif.swift; sourceTree = "<group>"; };
		2D54E6C128E7A03D005684C3 /* MoviesDetails.swift */ = {isa = PBXFileReference; lastKnownFileType = sourcecode.swift; path = MoviesDetails.swift; sourceTree = "<group>"; };
/* End PBXFileReference section */

/* Begin PBXFrameworksBuildPhase section */
		2D54E69E28E79CE5005684C3 /* Frameworks */ = {
			isa = PBXFrameworksBuildPhase;
			buildActionMask = 2147483647;
			files = (
				2D54E6B428E79D73005684C3 /* Kingfisher in Frameworks */,
			);
			runOnlyForDeploymentPostprocessing = 0;
		};
/* End PBXFrameworksBuildPhase section */

/* Begin PBXGroup section */
		2D54E69828E79CE5005684C3 = {
			isa = PBXGroup;
			children = (
				2D54E6A328E79CE5005684C3 /* MoviesList */,
				2D54E6A228E79CE5005684C3 /* Products */,
			);
			sourceTree = "<group>";
		};
		2D54E6A228E79CE5005684C3 /* Products */ = {
			isa = PBXGroup;
			children = (
				2D54E6A128E79CE5005684C3 /* MoviesList.app */,
			);
			name = Products;
			sourceTree = "<group>";
		};
		2D54E6A328E79CE5005684C3 /* MoviesList */ = {
			isa = PBXGroup;
			children = (
				2D54E6B728E79E03005684C3 /* Extension */,
				2D54E6BC28E79EBB005684C3 /* Model */,
				2D54E6BB28E79E87005684C3 /* ViewModel */,
				2D54E6BA28E79E36005684C3 /* View */,
				2D54E6A428E79CE5005684C3 /* MoviesListApp.swift */,
				2D54E6A828E79CE9005684C3 /* Assets.xcassets */,
				2D54E6B528E79DEF005684C3 /* Launch Screen.storyboard */,
				2D54E6AA28E79CE9005684C3 /* Preview Content */,
			);
			path = MoviesList;
			sourceTree = "<group>";
		};
		2D54E6AA28E79CE9005684C3 /* Preview Content */ = {
			isa = PBXGroup;
			children = (
				2D54E6AB28E79CE9005684C3 /* Preview Assets.xcassets */,
			);
			path = "Preview Content";
			sourceTree = "<group>";
		};
		2D54E6B728E79E03005684C3 /* Extension */ = {
			isa = PBXGroup;
			children = (
				2D54E6B828E79E03005684C3 /* extension.swift */,
			);
			path = Extension;
			sourceTree = "<group>";
		};
		2D54E6BA28E79E36005684C3 /* View */ = {
			isa = PBXGroup;
			children = (
				2D54E6A628E79CE5005684C3 /* ContentView.swift */,
				2D54E6C128E7A03D005684C3 /* MoviesDetails.swift */,
			);
			path = View;
			sourceTree = "<group>";
		};
		2D54E6BB28E79E87005684C3 /* ViewModel */ = {
			isa = PBXGroup;
			children = (
				2D54E6BF28E79F85005684C3 /* MoviesViewModel.swif.swift */,
			);
			path = ViewModel;
			sourceTree = "<group>";
		};
		2D54E6BC28E79EBB005684C3 /* Model */ = {
			isa = PBXGroup;
			children = (
				2D54E6BD28E79F0D005684C3 /*  Movies.swift */,
			);
			path = Model;
			sourceTree = "<group>";
		};
/* End PBXGroup section */

/* Begin PBXNativeTarget section */
		2D54E6A028E79CE5005684C3 /* MoviesList */ = {
			isa = PBXNativeTarget;
			buildConfigurationList = 2D54E6AF28E79CE9005684C3 /* Build configuration list for PBXNativeTarget "MoviesList" */;
			buildPhases = (
				2D54E69D28E79CE5005684C3 /* Sources */,
				2D54E69E28E79CE5005684C3 /* Frameworks */,
				2D54E69F28E79CE5005684C3 /* Resources */,
			);
			buildRules = (
			);
			dependencies = (
			);
			name = MoviesList;
			packageProductDependencies = (
				2D54E6B328E79D73005684C3 /* Kingfisher */,
			);
			productName = MoviesList;
			productReference = 2D54E6A128E79CE5005684C3 /* MoviesList.app */;
			productType = "com.apple.product-type.application";
		};
/* End PBXNativeTarget section */

/* Begin PBXProject section */
		2D54E69928E79CE5005684C3 /* Project object */ = {
			isa = PBXProject;
			attributes = {
				BuildIndependentTargetsInParallel = 1;
				LastSwiftUpdateCheck = 1320;
				LastUpgradeCheck = 1320;
				TargetAttributes = {
					2D54E6A028E79CE5005684C3 = {
						CreatedOnToolsVersion = 13.2.1;
					};
				};
			};
			buildConfigurationList = 2D54E69C28E79CE5005684C3 /* Build configuration list for PBXProject "MoviesList" */;
			compatibilityVersion = "Xcode 13.0";
			developmentRegion = en;
			hasScannedForEncodings = 0;
			knownRegions = (
				en,
				Base,
			);
			mainGroup = 2D54E69828E79CE5005684C3;
			packageReferences = (
				2D54E6B228E79D73005684C3 /* XCRemoteSwiftPackageReference "Kingfisher" */,
			);
			productRefGroup = 2D54E6A228E79CE5005684C3 /* Products */;
			projectDirPath = "";
			projectRoot = "";
			targets = (
				2D54E6A028E79CE5005684C3 /* MoviesList */,
			);
		};
/* End PBXProject section */

/* Begin PBXResourcesBuildPhase section */
		2D54E69F28E79CE5005684C3 /* Resources */ = {
			isa = PBXResourcesBuildPhase;
			buildActionMask = 2147483647;
			files = (
				2D54E6B628E79DEF005684C3 /* Launch Screen.storyboard in Resources */,
				2D54E6AC28E79CE9005684C3 /* Preview Assets.xcassets in Resources */,
				2D54E6A928E79CE9005684C3 /* Assets.xcassets in Resources */,
			);
			runOnlyForDeploymentPostprocessing = 0;
		};
/* End PBXResourcesBuildPhase section */

/* Begin PBXSourcesBuildPhase section */
		2D54E69D28E79CE5005684C3 /* Sources */ = {
			isa = PBXSourcesBuildPhase;
			buildActionMask = 2147483647;
			files = (
				2D54E6B928E79E03005684C3 /* extension.swift in Sources */,
				2D54E6C228E7A03D005684C3 /* MoviesDetails.swift in Sources */,
				2D54E6A728E79CE5005684C3 /* ContentView.swift in Sources */,
				2D54E6A528E79CE5005684C3 /* MoviesListApp.swift in Sources */,
				2D54E6C028E79F85005684C3 /* MoviesViewModel.swif.swift in Sources */,
				2D54E6BE28E79F0D005684C3 /*  Movies.swift in Sources */,
			);
			runOnlyForDeploymentPostprocessing = 0;
		};
/* End PBXSourcesBuildPhase section */

/* Begin XCBuildConfiguration section */
		2D54E6AD28E79CE9005684C3 /* Debug */ = {
			isa = XCBuildConfiguration;
			buildSettings = {
				ALWAYS_SEARCH_USER_PATHS = NO;
				CLANG_ANALYZER_NONNULL = YES;
				CLANG_ANALYZER_NUMBER_OBJECT_CONVERSION = YES_AGGRESSIVE;
				CLANG_CXX_LANGUAGE_STANDARD = "gnu++17";
				CLANG_CXX_LIBRARY = "libc++";
				CLANG_ENABLE_MODULES = YES;
				CLANG_ENABLE_OBJC_ARC = YES;
				CLANG_ENABLE_OBJC_WEAK = YES;
				CLANG_WARN_BLOCK_CAPTURE_AUTORELEASING = YES;
				CLANG_WARN_BOOL_CONVERSION = YES;
				CLANG_WARN_COMMA = YES;
				CLANG_WARN_CONSTANT_CONVERSION = YES;
				CLANG_WARN_DEPRECATED_OBJC_IMPLEMENTATIONS = YES;
				CLANG_WARN_DIRECT_OBJC_ISA_USAGE = YES_ERROR;
				CLANG_WARN_DOCUMENTATION_COMMENTS = YES;
				CLANG_WARN_EMPTY_BODY = YES;
				CLANG_WARN_ENUM_CONVERSION = YES;
				CLANG_WARN_INFINITE_RECURSION = YES;
				CLANG_WARN_INT_CONVERSION = YES;
				CLANG_WARN_NON_LITERAL_NULL_CONVERSION = YES;
				CLANG_WARN_OBJC_IMPLICIT_RETAIN_SELF = YES;
				CLANG_WARN_OBJC_LITERAL_CONVERSION = YES;
				CLANG_WARN_OBJC_ROOT_CLASS = YES_ERROR;
				CLANG_WARN_QUOTED_INCLUDE_IN_FRAMEWORK_HEADER = YES;
				CLANG_WARN_RANGE_LOOP_ANALYSIS = YES;
				CLANG_WARN_STRICT_PROTOTYPES = YES;
				CLANG_WARN_SUSPICIOUS_MOVE = YES;
				CLANG_WARN_UNGUARDED_AVAILABILITY = YES_AGGRESSIVE;
				CLANG_WARN_UNREACHABLE_CODE = YES;
				CLANG_WARN__DUPLICATE_METHOD_MATCH = YES;
				COPY_PHASE_STRIP = NO;
				DEBUG_INFORMATION_FORMAT = dwarf;
				ENABLE_STRICT_OBJC_MSGSEND = YES;
				ENABLE_TESTABILITY = YES;
				GCC_C_LANGUAGE_STANDARD = gnu11;
				GCC_DYNAMIC_NO_PIC = NO;
				GCC_NO_COMMON_BLOCKS = YES;
				GCC_OPTIMIZATION_LEVEL = 0;
				GCC_PREPROCESSOR_DEFINITIONS = (
					"DEBUG=1",
					"$(inherited)",
				);
				GCC_WARN_64_TO_32_BIT_CONVERSION = YES;
				GCC_WARN_ABOUT_RETURN_TYPE = YES_ERROR;
				GCC_WARN_UNDECLARED_SELECTOR = YES;
				GCC_WARN_UNINITIALIZED_AUTOS = YES_AGGRESSIVE;
				GCC_WARN_UNUSED_FUNCTION = YES;
				GCC_WARN_UNUSED_VARIABLE = YES;
				IPHONEOS_DEPLOYMENT_TARGET = 15.2;
				MTL_ENABLE_DEBUG_INFO = INCLUDE_SOURCE;
				MTL_FAST_MATH = YES;
				ONLY_ACTIVE_ARCH = YES;
				SDKROOT = iphoneos;
				SWIFT_ACTIVE_COMPILATION_CONDITIONS = DEBUG;
				SWIFT_OPTIMIZATION_LEVEL = "-Onone";
			};
			name = Debug;
		};
		2D54E6AE28E79CE9005684C3 /* Release */ = {
			isa = XCBuildConfiguration;
			buildSettings = {
				ALWAYS_SEARCH_USER_PATHS = NO;
				CLANG_ANALYZER_NONNULL = YES;
				CLANG_ANALYZER_NUMBER_OBJECT_CONVERSION = YES_AGGRESSIVE;
				CLANG_CXX_LANGUAGE_STANDARD = "gnu++17";
				CLANG_CXX_LIBRARY = "libc++";
				CLANG_ENABLE_MODULES = YES;
				CLANG_ENABLE_OBJC_ARC = YES;
				CLANG_ENABLE_OBJC_WEAK = YES;
				CLANG_WARN_BLOCK_CAPTURE_AUTORELEASING = YES;
				CLANG_WARN_BOOL_CONVERSION = YES;
				CLANG_WARN_COMMA = YES;
				CLANG_WARN_CONSTANT_CONVERSION = YES;
				CLANG_WARN_DEPRECATED_OBJC_IMPLEMENTATIONS = YES;
				CLANG_WARN_DIRECT_OBJC_ISA_USAGE = YES_ERROR;
				CLANG_WARN_DOCUMENTATION_COMMENTS = YES;
				CLANG_WARN_EMPTY_BODY = YES;
				CLANG_WARN_ENUM_CONVERSION = YES;
				CLANG_WARN_INFINITE_RECURSION = YES;
				CLANG_WARN_INT_CONVERSION = YES;
				CLANG_WARN_NON_LITERAL_NULL_CONVERSION = YES;
				CLANG_WARN_OBJC_IMPLICIT_RETAIN_SELF = YES;
				CLANG_WARN_OBJC_LITERAL_CONVERSION = YES;
				CLANG_WARN_OBJC_ROOT_CLASS = YES_ERROR;
				CLANG_WARN_QUOTED_INCLUDE_IN_FRAMEWORK_HEADER = YES;
				CLANG_WARN_RANGE_LOOP_ANALYSIS = YES;
				CLANG_WARN_STRICT_PROTOTYPES = YES;
				CLANG_WARN_SUSPICIOUS_MOVE = YES;
				CLANG_WARN_UNGUARDED_AVAILABILITY = YES_AGGRESSIVE;
				CLANG_WARN_UNREACHABLE_CODE = YES;
				CLANG_WARN__DUPLICATE_METHOD_MATCH = YES;
				COPY_PHASE_STRIP = NO;
				DEBUG_INFORMATION_FORMAT = "dwarf-with-dsym";
				ENABLE_NS_ASSERTIONS = NO;
				ENABLE_STRICT_OBJC_MSGSEND = YES;
				GCC_C_LANGUAGE_STANDARD = gnu11;
				GCC_NO_COMMON_BLOCKS = YES;
				GCC_WARN_64_TO_32_BIT_CONVERSION = YES;
				GCC_WARN_ABOUT_RETURN_TYPE = YES_ERROR;
				GCC_WARN_UNDECLARED_SELECTOR = YES;
				GCC_WARN_UNINITIALIZED_AUTOS = YES_AGGRESSIVE;
				GCC_WARN_UNUSED_FUNCTION = YES;
				GCC_WARN_UNUSED_VARIABLE = YES;
				IPHONEOS_DEPLOYMENT_TARGET = 15.2;
				MTL_ENABLE_DEBUG_INFO = NO;
				MTL_FAST_MATH = YES;
				SDKROOT = iphoneos;
				SWIFT_COMPILATION_MODE = wholemodule;
				SWIFT_OPTIMIZATION_LEVEL = "-O";
				VALIDATE_PRODUCT = YES;
			};
			name = Release;
		};
		2D54E6B028E79CE9005684C3 /* Debug */ = {
			isa = XCBuildConfiguration;
			buildSettings = {
				ASSETCATALOG_COMPILER_APPICON_NAME = AppIcon;
				ASSETCATALOG_COMPILER_GLOBAL_ACCENT_COLOR_NAME = AccentColor;
				CODE_SIGN_STYLE = Automatic;
				CURRENT_PROJECT_VERSION = 1;
				DEVELOPMENT_ASSET_PATHS = "\"MoviesList/Preview Content\"";
				DEVELOPMENT_TEAM = 2H8H3AS73K;
				ENABLE_PREVIEWS = YES;
				GENERATE_INFOPLIST_FILE = YES;
				INFOPLIST_KEY_UIApplicationSceneManifest_Generation = YES;
				INFOPLIST_KEY_UIApplicationSupportsIndirectInputEvents = YES;
				INFOPLIST_KEY_UILaunchScreen_Generation = YES;
				INFOPLIST_KEY_UILaunchStoryboardName = "Launch Screen";
				INFOPLIST_KEY_UISupportedInterfaceOrientations_iPad = "UIInterfaceOrientationPortrait UIInterfaceOrientationPortraitUpsideDown UIInterfaceOrientationLandscapeLeft UIInterfaceOrientationLandscapeRight";
				INFOPLIST_KEY_UISupportedInterfaceOrientations_iPhone = "UIInterfaceOrientationPortrait UIInterfaceOrientationLandscapeLeft UIInterfaceOrientationLandscapeRight";
				LD_RUNPATH_SEARCH_PATHS = (
					"$(inherited)",
					"@executable_path/Frameworks",
				);
				MARKETING_VERSION = 1.0;
				PRODUCT_BUNDLE_IDENTIFIER = me.ramzi.MoviesList;
				PRODUCT_NAME = "$(TARGET_NAME)";
				SWIFT_EMIT_LOC_STRINGS = YES;
				SWIFT_VERSION = 5.0;
				TARGETED_DEVICE_FAMILY = "1,2";
			};
			name = Debug;
		};
		2D54E6B128E79CE9005684C3 /* Release */ = {
			isa = XCBuildConfiguration;
			buildSettings = {
				ASSETCATALOG_COMPILER_APPICON_NAME = AppIcon;
				ASSETCATALOG_COMPILER_GLOBAL_ACCENT_COLOR_NAME = AccentColor;
				CODE_SIGN_STYLE = Automatic;
				CURRENT_PROJECT_VERSION = 1;
				DEVELOPMENT_ASSET_PATHS = "\"MoviesList/Preview Content\"";
				DEVELOPMENT_TEAM = 2H8H3AS73K;
				ENABLE_PREVIEWS = YES;
				GENERATE_INFOPLIST_FILE = YES;
				INFOPLIST_KEY_UIApplicationSceneManifest_Generation = YES;
				INFOPLIST_KEY_UIApplicationSupportsIndirectInputEvents = YES;
				INFOPLIST_KEY_UILaunchScreen_Generation = YES;
				INFOPLIST_KEY_UILaunchStoryboardName = "Launch Screen";
				INFOPLIST_KEY_UISupportedInterfaceOrientations_iPad = "UIInterfaceOrientationPortrait UIInterfaceOrientationPortraitUpsideDown UIInterfaceOrientationLandscapeLeft UIInterfaceOrientationLandscapeRight";
				INFOPLIST_KEY_UISupportedInterfaceOrientations_iPhone = "UIInterfaceOrientationPortrait UIInterfaceOrientationLandscapeLeft UIInterfaceOrientationLandscapeRight";
				LD_RUNPATH_SEARCH_PATHS = (
					"$(inherited)",
					"@executable_path/Frameworks",
				);
				MARKETING_VERSION = 1.0;
				PRODUCT_BUNDLE_IDENTIFIER = me.ramzi.MoviesList;
				PRODUCT_NAME = "$(TARGET_NAME)";
				SWIFT_EMIT_LOC_STRINGS = YES;
				SWIFT_VERSION = 5.0;
				TARGETED_DEVICE_FAMILY = "1,2";
			};
			name = Release;
		};
/* End XCBuildConfiguration section */

/* Begin XCConfigurationList section */
		2D54E69C28E79CE5005684C3 /* Build configuration list for PBXProject "MoviesList" */ = {
			isa = XCConfigurationList;
			buildConfigurations = (
				2D54E6AD28E79CE9005684C3 /* Debug */,
				2D54E6AE28E79CE9005684C3 /* Release */,
			);
			defaultConfigurationIsVisible = 0;
			defaultConfigurationName = Release;
		};
		2D54E6AF28E79CE9005684C3 /* Build configuration list for PBXNativeTarget "MoviesList" */ = {
			isa = XCConfigurationList;
			buildConfigurations = (
				2D54E6B028E79CE9005684C3 /* Debug */,
				2D54E6B128E79CE9005684C3 /* Release */,
			);
			defaultConfigurationIsVisible = 0;
			defaultConfigurationName = Release;
		};
/* End XCConfigurationList section */

/* Begin XCRemoteSwiftPackageReference section */
		2D54E6B228E79D73005684C3 /* XCRemoteSwiftPackageReference "Kingfisher" */ = {
			isa = XCRemoteSwiftPackageReference;
			repositoryURL = "https://github.com/onevcat/Kingfisher";
			requirement = {
				branch = master;
				kind = branch;
			};
		};
/* End XCRemoteSwiftPackageReference section */

/* Begin XCSwiftPackageProductDependency section */
		2D54E6B328E79D73005684C3 /* Kingfisher */ = {
			isa = XCSwiftPackageProductDependency;
			package = 2D54E6B228E79D73005684C3 /* XCRemoteSwiftPackageReference "Kingfisher" */;
			productName = Kingfisher;
		};
/* End XCSwiftPackageProductDependency section */
	};
	rootObject = 2D54E69928E79CE5005684C3 /* Project object */;
}
